// !$*UTF8*$!
{
	archiveVersion = 1;
	classes = {
	};
	objectVersion = 50;
	objects = {

/* Begin PBXBuildFile section */
		05008F4A22BAAC3C00DABC16 /* StartPageViewController.swift in Sources */ = {isa = PBXBuildFile; fileRef = 05008F4922BAAC3C00DABC16 /* StartPageViewController.swift */; };
		050688EC226FB87200FE1FC6 /* ThreePlayerViewController.swift in Sources */ = {isa = PBXBuildFile; fileRef = 050688EB226FB87200FE1FC6 /* ThreePlayerViewController.swift */; };
		052688C72288A4D70024B0FF /* TwoPlayTurnOfEventsViewController.swift in Sources */ = {isa = PBXBuildFile; fileRef = 052688C62288A4D70024B0FF /* TwoPlayTurnOfEventsViewController.swift */; };
		052688C92288A4FC0024B0FF /* ThreePlayTurnOfEventsViewController.swift in Sources */ = {isa = PBXBuildFile; fileRef = 052688C82288A4FC0024B0FF /* ThreePlayTurnOfEventsViewController.swift */; };
		052688CB2288A5190024B0FF /* FourPlayTurnOfEventsViewController.swift in Sources */ = {isa = PBXBuildFile; fileRef = 052688CA2288A5190024B0FF /* FourPlayTurnOfEventsViewController.swift */; };
		05346A92226D76C9003E37B4 /* AppDelegate.swift in Sources */ = {isa = PBXBuildFile; fileRef = 05346A91226D76C9003E37B4 /* AppDelegate.swift */; };
		05346A97226D76C9003E37B4 /* Main.storyboard in Resources */ = {isa = PBXBuildFile; fileRef = 05346A95226D76C9003E37B4 /* Main.storyboard */; };
		05346A99226D76CB003E37B4 /* Assets.xcassets in Resources */ = {isa = PBXBuildFile; fileRef = 05346A98226D76CB003E37B4 /* Assets.xcassets */; };
		05346A9C226D76CB003E37B4 /* LaunchScreen.storyboard in Resources */ = {isa = PBXBuildFile; fileRef = 05346A9A226D76CB003E37B4 /* LaunchScreen.storyboard */; };
		0586E7BE227EAEBA00D6C638 /* FourPlayerViewController.swift in Sources */ = {isa = PBXBuildFile; fileRef = 0586E7BD227EAEBA00D6C638 /* FourPlayerViewController.swift */; };
		05B9918522AAC17200909AF9 /* PlayerModel.xcdatamodeld in Sources */ = {isa = PBXBuildFile; fileRef = 05B9918322AAC17200909AF9 /* PlayerModel.xcdatamodeld */; };
		05ECC48A22768A6300F87407 /* TwoPlayerIIViewController.swift in Sources */ = {isa = PBXBuildFile; fileRef = 05ECC48922768A6300F87407 /* TwoPlayerIIViewController.swift */; };
/* End PBXBuildFile section */

/* Begin PBXFileReference section */
		05008F4922BAAC3C00DABC16 /* StartPageViewController.swift */ = {isa = PBXFileReference; lastKnownFileType = sourcecode.swift; path = StartPageViewController.swift; sourceTree = "<group>"; };
		050688EB226FB87200FE1FC6 /* ThreePlayerViewController.swift */ = {isa = PBXFileReference; lastKnownFileType = sourcecode.swift; path = ThreePlayerViewController.swift; sourceTree = "<group>"; };
		052688C62288A4D70024B0FF /* TwoPlayTurnOfEventsViewController.swift */ = {isa = PBXFileReference; lastKnownFileType = sourcecode.swift; path = TwoPlayTurnOfEventsViewController.swift; sourceTree = "<group>"; };
		052688C82288A4FC0024B0FF /* ThreePlayTurnOfEventsViewController.swift */ = {isa = PBXFileReference; lastKnownFileType = sourcecode.swift; path = ThreePlayTurnOfEventsViewController.swift; sourceTree = "<group>"; };
		052688CA2288A5190024B0FF /* FourPlayTurnOfEventsViewController.swift */ = {isa = PBXFileReference; lastKnownFileType = sourcecode.swift; path = FourPlayTurnOfEventsViewController.swift; sourceTree = "<group>"; };
		05346A8E226D76C9003E37B4 /* Cee-lo.app */ = {isa = PBXFileReference; explicitFileType = wrapper.application; includeInIndex = 0; path = "Cee-lo.app"; sourceTree = BUILT_PRODUCTS_DIR; };
		05346A91226D76C9003E37B4 /* AppDelegate.swift */ = {isa = PBXFileReference; lastKnownFileType = sourcecode.swift; path = AppDelegate.swift; sourceTree = "<group>"; };
		05346A96226D76C9003E37B4 /* Base */ = {isa = PBXFileReference; lastKnownFileType = file.storyboard; name = Base; path = Base.lproj/Main.storyboard; sourceTree = "<group>"; };
		05346A98226D76CB003E37B4 /* Assets.xcassets */ = {isa = PBXFileReference; lastKnownFileType = folder.assetcatalog; path = Assets.xcassets; sourceTree = "<group>"; };
		05346A9B226D76CB003E37B4 /* Base */ = {isa = PBXFileReference; lastKnownFileType = file.storyboard; name = Base; path = Base.lproj/LaunchScreen.storyboard; sourceTree = "<group>"; };
		05346A9D226D76CB003E37B4 /* Info.plist */ = {isa = PBXFileReference; lastKnownFileType = text.plist.xml; path = Info.plist; sourceTree = "<group>"; };
		0586E7BD227EAEBA00D6C638 /* FourPlayerViewController.swift */ = {isa = PBXFileReference; lastKnownFileType = sourcecode.swift; path = FourPlayerViewController.swift; sourceTree = "<group>"; };
		05B9918422AAC17200909AF9 /* PlayerModel.xcdatamodel */ = {isa = PBXFileReference; lastKnownFileType = wrapper.xcdatamodel; path = PlayerModel.xcdatamodel; sourceTree = "<group>"; };
		05ECC48922768A6300F87407 /* TwoPlayerIIViewController.swift */ = {isa = PBXFileReference; lastKnownFileType = sourcecode.swift; path = TwoPlayerIIViewController.swift; sourceTree = "<group>"; };
/* End PBXFileReference section */

/* Begin PBXFrameworksBuildPhase section */
		05346A8B226D76C9003E37B4 /* Frameworks */ = {
			isa = PBXFrameworksBuildPhase;
			buildActionMask = 2147483647;
			files = (
			);
			runOnlyForDeploymentPostprocessing = 0;
		};
/* End PBXFrameworksBuildPhase section */

/* Begin PBXGroup section */
		05346A85226D76C8003E37B4 = {
			isa = PBXGroup;
			children = (
				05346A90226D76C9003E37B4 /* Cee-lo */,
				05346A8F226D76C9003E37B4 /* Products */,
			);
			sourceTree = "<group>";
		};
		05346A8F226D76C9003E37B4 /* Products */ = {
			isa = PBXGroup;
			children = (
				05346A8E226D76C9003E37B4 /* Cee-lo.app */,
			);
			name = Products;
			sourceTree = "<group>";
		};
		05346A90226D76C9003E37B4 /* Cee-lo */ = {
			isa = PBXGroup;
			children = (
				05346A91226D76C9003E37B4 /* AppDelegate.swift */,
				05B9918722AAC1D500909AF9 /* View */,
				05B9918622AAC17F00909AF9 /* Model */,
				05346AA5226E168E003E37B4 /* Controllers */,
				05346A98226D76CB003E37B4 /* Assets.xcassets */,
				05346A9A226D76CB003E37B4 /* LaunchScreen.storyboard */,
				05346A9D226D76CB003E37B4 /* Info.plist */,
			);
			path = "Cee-lo";
			sourceTree = "<group>";
		};
		05346AA5226E168E003E37B4 /* Controllers */ = {
			isa = PBXGroup;
			children = (
				05008F4922BAAC3C00DABC16 /* StartPageViewController.swift */,
				05ECC48922768A6300F87407 /* TwoPlayerIIViewController.swift */,
				050688EB226FB87200FE1FC6 /* ThreePlayerViewController.swift */,
				0586E7BD227EAEBA00D6C638 /* FourPlayerViewController.swift */,
				052688C62288A4D70024B0FF /* TwoPlayTurnOfEventsViewController.swift */,
				052688C82288A4FC0024B0FF /* ThreePlayTurnOfEventsViewController.swift */,
				052688CA2288A5190024B0FF /* FourPlayTurnOfEventsViewController.swift */,
			);
			path = Controllers;
			sourceTree = "<group>";
		};
		05B9918622AAC17F00909AF9 /* Model */ = {
			isa = PBXGroup;
			children = (
				05B9918322AAC17200909AF9 /* PlayerModel.xcdatamodeld */,
			);
			path = Model;
			sourceTree = "<group>";
		};
		05B9918722AAC1D500909AF9 /* View */ = {
			isa = PBXGroup;
			children = (
				05346A95226D76C9003E37B4 /* Main.storyboard */,
			);
			path = View;
			sourceTree = "<group>";
		};
/* End PBXGroup section */

/* Begin PBXNativeTarget section */
		05346A8D226D76C9003E37B4 /* Cee-lo */ = {
			isa = PBXNativeTarget;
			buildConfigurationList = 05346AA0226D76CB003E37B4 /* Build configuration list for PBXNativeTarget "Cee-lo" */;
			buildPhases = (
				05346A8A226D76C9003E37B4 /* Sources */,
				05346A8B226D76C9003E37B4 /* Frameworks */,
				05346A8C226D76C9003E37B4 /* Resources */,
			);
			buildRules = (
			);
			dependencies = (
			);
			name = "Cee-lo";
			productName = "Cee-lo";
			productReference = 05346A8E226D76C9003E37B4 /* Cee-lo.app */;
			productType = "com.apple.product-type.application";
		};
/* End PBXNativeTarget section */

/* Begin PBXProject section */
		05346A86226D76C8003E37B4 /* Project object */ = {
			isa = PBXProject;
			attributes = {
				LastSwiftUpdateCheck = 0940;
				LastUpgradeCheck = 0940;
				ORGANIZATIONNAME = MK_corp;
				TargetAttributes = {
					05346A8D226D76C9003E37B4 = {
						CreatedOnToolsVersion = 9.4;
					};
				};
			};
			buildConfigurationList = 05346A89226D76C8003E37B4 /* Build configuration list for PBXProject "Cee-lo" */;
			compatibilityVersion = "Xcode 9.3";
			developmentRegion = en;
			hasScannedForEncodings = 0;
			knownRegions = (
				en,
				Base,
			);
			mainGroup = 05346A85226D76C8003E37B4;
			productRefGroup = 05346A8F226D76C9003E37B4 /* Products */;
			projectDirPath = "";
			projectRoot = "";
			targets = (
				05346A8D226D76C9003E37B4 /* Cee-lo */,
			);
		};
/* End PBXProject section */

/* Begin PBXResourcesBuildPhase section */
		05346A8C226D76C9003E37B4 /* Resources */ = {
			isa = PBXResourcesBuildPhase;
			buildActionMask = 2147483647;
			files = (
				05346A9C226D76CB003E37B4 /* LaunchScreen.storyboard in Resources */,
				05346A99226D76CB003E37B4 /* Assets.xcassets in Resources */,
				05346A97226D76C9003E37B4 /* Main.storyboard in Resources */,
			);
			runOnlyForDeploymentPostprocessing = 0;
		};
/* End PBXResourcesBuildPhase section */

/* Begin PBXSourcesBuildPhase section */
		05346A8A226D76C9003E37B4 /* Sources */ = {
			isa = PBXSourcesBuildPhase;
			buildActionMask = 2147483647;
			files = (
				052688C72288A4D70024B0FF /* TwoPlayTurnOfEventsViewController.swift in Sources */,
				050688EC226FB87200FE1FC6 /* ThreePlayerViewController.swift in Sources */,
				052688C92288A4FC0024B0FF /* ThreePlayTurnOfEventsViewController.swift in Sources */,
				05346A92226D76C9003E37B4 /* AppDelegate.swift in Sources */,
				05008F4A22BAAC3C00DABC16 /* StartPageViewController.swift in Sources */,
				05ECC48A22768A6300F87407 /* TwoPlayerIIViewController.swift in Sources */,
				0586E7BE227EAEBA00D6C638 /* FourPlayerViewController.swift in Sources */,
				05B9918522AAC17200909AF9 /* PlayerModel.xcdatamodeld in Sources */,
				052688CB2288A5190024B0FF /* FourPlayTurnOfEventsViewController.swift in Sources */,
			);
			runOnlyForDeploymentPostprocessing = 0;
		};
/* End PBXSourcesBuildPhase section */

/* Begin PBXVariantGroup section */
		05346A95226D76C9003E37B4 /* Main.storyboard */ = {
			isa = PBXVariantGroup;
			children = (
				05346A96226D76C9003E37B4 /* Base */,
			);
			name = Main.storyboard;
			sourceTree = "<group>";
		};
		05346A9A226D76CB003E37B4 /* LaunchScreen.storyboard */ = {
			isa = PBXVariantGroup;
			children = (
				05346A9B226D76CB003E37B4 /* Base */,
			);
			name = LaunchScreen.storyboard;
			sourceTree = "<group>";
		};
/* End PBXVariantGroup section */

/* Begin XCBuildConfiguration section */
		05346A9E226D76CB003E37B4 /* Debug */ = {
			isa = XCBuildConfiguration;
			buildSettings = {
				ALWAYS_SEARCH_USER_PATHS = NO;
				CLANG_ANALYZER_NONNULL = YES;
				CLANG_ANALYZER_NUMBER_OBJECT_CONVERSION = YES_AGGRESSIVE;
				CLANG_CXX_LANGUAGE_STANDARD = "gnu++14";
				CLANG_CXX_LIBRARY = "libc++";
				CLANG_ENABLE_MODULES = YES;
				CLANG_ENABLE_OBJC_ARC = YES;
				CLANG_ENABLE_OBJC_WEAK = YES;
				CLANG_WARN_BLOCK_CAPTURE_AUTORELEASING = YES;
				CLANG_WARN_BOOL_CONVERSION = YES;
				CLANG_WARN_COMMA = YES;
				CLANG_WARN_CONSTANT_CONVERSION = YES;
				CLANG_WARN_DEPRECATED_OBJC_IMPLEMENTATIONS = YES;
				CLANG_WARN_DIRECT_OBJC_ISA_USAGE = YES_ERROR;
				CLANG_WARN_DOCUMENTATION_COMMENTS = YES;
				CLANG_WARN_EMPTY_BODY = YES;
				CLANG_WARN_ENUM_CONVERSION = YES;
				CLANG_WARN_INFINITE_RECURSION = YES;
				CLANG_WARN_INT_CONVERSION = YES;
				CLANG_WARN_NON_LITERAL_NULL_CONVERSION = YES;
				CLANG_WARN_OBJC_IMPLICIT_RETAIN_SELF = YES;
				CLANG_WARN_OBJC_LITERAL_CONVERSION = YES;
				CLANG_WARN_OBJC_ROOT_CLASS = YES_ERROR;
				CLANG_WARN_RANGE_LOOP_ANALYSIS = YES;
				CLANG_WARN_STRICT_PROTOTYPES = YES;
				CLANG_WARN_SUSPICIOUS_MOVE = YES;
				CLANG_WARN_UNGUARDED_AVAILABILITY = YES_AGGRESSIVE;
				CLANG_WARN_UNREACHABLE_CODE = YES;
				CLANG_WARN__DUPLICATE_METHOD_MATCH = YES;
				CODE_SIGN_IDENTITY = "iPhone Developer";
				COPY_PHASE_STRIP = NO;
				DEBUG_INFORMATION_FORMAT = dwarf;
				ENABLE_STRICT_OBJC_MSGSEND = YES;
				ENABLE_TESTABILITY = YES;
				GCC_C_LANGUAGE_STANDARD = gnu11;
				GCC_DYNAMIC_NO_PIC = NO;
				GCC_NO_COMMON_BLOCKS = YES;
				GCC_OPTIMIZATION_LEVEL = 0;
				GCC_PREPROCESSOR_DEFINITIONS = (
					"DEBUG=1",
					"$(inherited)",
				);
				GCC_WARN_64_TO_32_BIT_CONVERSION = YES;
				GCC_WARN_ABOUT_RETURN_TYPE = YES_ERROR;
				GCC_WARN_UNDECLARED_SELECTOR = YES;
				GCC_WARN_UNINITIALIZED_AUTOS = YES_AGGRESSIVE;
				GCC_WARN_UNUSED_FUNCTION = YES;
				GCC_WARN_UNUSED_VARIABLE = YES;
				IPHONEOS_DEPLOYMENT_TARGET = 11.4;
				MTL_ENABLE_DEBUG_INFO = YES;
				ONLY_ACTIVE_ARCH = YES;
				SDKROOT = iphoneos;
				SWIFT_ACTIVE_COMPILATION_CONDITIONS = DEBUG;
				SWIFT_OPTIMIZATION_LEVEL = "-Onone";
			};
			name = Debug;
		};
		05346A9F226D76CB003E37B4 /* Release */ = {
			isa = XCBuildConfiguration;
			buildSettings = {
				ALWAYS_SEARCH_USER_PATHS = NO;
				CLANG_ANALYZER_NONNULL = YES;
				CLANG_ANALYZER_NUMBER_OBJECT_CONVERSION = YES_AGGRESSIVE;
				CLANG_CXX_LANGUAGE_STANDARD = "gnu++14";
				CLANG_CXX_LIBRARY = "libc++";
				CLANG_ENABLE_MODULES = YES;
				CLANG_ENABLE_OBJC_ARC = YES;
				CLANG_ENABLE_OBJC_WEAK = YES;
				CLANG_WARN_BLOCK_CAPTURE_AUTORELEASING = YES;
				CLANG_WARN_BOOL_CONVERSION = YES;
				CLANG_WARN_COMMA = YES;
				CLANG_WARN_CONSTANT_CONVERSION = YES;
				CLANG_WARN_DEPRECATED_OBJC_IMPLEMENTATIONS = YES;
				CLANG_WARN_DIRECT_OBJC_ISA_USAGE = YES_ERROR;
				CLANG_WARN_DOCUMENTATION_COMMENTS = YES;
				CLANG_WARN_EMPTY_BODY = YES;
				CLANG_WARN_ENUM_CONVERSION = YES;
				CLANG_WARN_INFINITE_RECURSION = YES;
				CLANG_WARN_INT_CONVERSION = YES;
				CLANG_WARN_NON_LITERAL_NULL_CONVERSION = YES;
				CLANG_WARN_OBJC_IMPLICIT_RETAIN_SELF = YES;
				CLANG_WARN_OBJC_LITERAL_CONVERSION = YES;
				CLANG_WARN_OBJC_ROOT_CLASS = YES_ERROR;
				CLANG_WARN_RANGE_LOOP_ANALYSIS = YES;
				CLANG_WARN_STRICT_PROTOTYPES = YES;
				CLANG_WARN_SUSPICIOUS_MOVE = YES;
				CLANG_WARN_UNGUARDED_AVAILABILITY = YES_AGGRESSIVE;
				CLANG_WARN_UNREACHABLE_CODE = YES;
				CLANG_WARN__DUPLICATE_METHOD_MATCH = YES;
				CODE_SIGN_IDENTITY = "iPhone Developer";
				COPY_PHASE_STRIP = NO;
				DEBUG_INFORMATION_FORMAT = "dwarf-with-dsym";
				ENABLE_NS_ASSERTIONS = NO;
				ENABLE_STRICT_OBJC_MSGSEND = YES;
				GCC_C_LANGUAGE_STANDARD = gnu11;
				GCC_NO_COMMON_BLOCKS = YES;
				GCC_WARN_64_TO_32_BIT_CONVERSION = YES;
				GCC_WARN_ABOUT_RETURN_TYPE = YES_ERROR;
				GCC_WARN_UNDECLARED_SELECTOR = YES;
				GCC_WARN_UNINITIALIZED_AUTOS = YES_AGGRESSIVE;
				GCC_WARN_UNUSED_FUNCTION = YES;
				GCC_WARN_UNUSED_VARIABLE = YES;
				IPHONEOS_DEPLOYMENT_TARGET = 11.4;
				MTL_ENABLE_DEBUG_INFO = NO;
				SDKROOT = iphoneos;
				SWIFT_COMPILATION_MODE = wholemodule;
				SWIFT_OPTIMIZATION_LEVEL = "-O";
				VALIDATE_PRODUCT = YES;
			};
			name = Release;
		};
		05346AA1226D76CB003E37B4 /* Debug */ = {
			isa = XCBuildConfiguration;
			buildSettings = {
				ASSETCATALOG_COMPILER_APPICON_NAME = AppIcon;
				CODE_SIGN_STYLE = Automatic;
				DEVELOPMENT_TEAM = VQP7V7367X;
				INFOPLIST_FILE = "Cee-lo/Info.plist";
				LD_RUNPATH_SEARCH_PATHS = (
					"$(inherited)",
					"@executable_path/Frameworks",
				);
				PRODUCT_BUNDLE_IDENTIFIER = "com.example.mkifetew.Cee-lo";
				PRODUCT_NAME = "$(TARGET_NAME)";
				SWIFT_VERSION = 4.0;
				TARGETED_DEVICE_FAMILY = "1,2";
			};
			name = Debug;
		};
		05346AA2226D76CB003E37B4 /* Release */ = {
			isa = XCBuildConfiguration;
			buildSettings = {
				ASSETCATALOG_COMPILER_APPICON_NAME = AppIcon;
				CODE_SIGN_STYLE = Automatic;
				DEVELOPMENT_TEAM = VQP7V7367X;
				INFOPLIST_FILE = "Cee-lo/Info.plist";
				LD_RUNPATH_SEARCH_PATHS = (
					"$(inherited)",
					"@executable_path/Frameworks",
				);
				PRODUCT_BUNDLE_IDENTIFIER = "com.example.mkifetew.Cee-lo";
				PRODUCT_NAME = "$(TARGET_NAME)";
				SWIFT_VERSION = 4.0;
				TARGETED_DEVICE_FAMILY = "1,2";
			};
			name = Release;
		};
/* End XCBuildConfiguration section */

/* Begin XCConfigurationList section */
		05346A89226D76C8003E37B4 /* Build configuration list for PBXProject "Cee-lo" */ = {
			isa = XCConfigurationList;
			buildConfigurations = (
				05346A9E226D76CB003E37B4 /* Debug */,
				05346A9F226D76CB003E37B4 /* Release */,
			);
			defaultConfigurationIsVisible = 0;
			defaultConfigurationName = Release;
		};
		05346AA0226D76CB003E37B4 /* Build configuration list for PBXNativeTarget "Cee-lo" */ = {
			isa = XCConfigurationList;
			buildConfigurations = (
				05346AA1226D76CB003E37B4 /* Debug */,
				05346AA2226D76CB003E37B4 /* Release */,
			);
			defaultConfigurationIsVisible = 0;
			defaultConfigurationName = Release;
		};
/* End XCConfigurationList section */

/* Begin XCVersionGroup section */
		05B9918322AAC17200909AF9 /* PlayerModel.xcdatamodeld */ = {
			isa = XCVersionGroup;
			children = (
				05B9918422AAC17200909AF9 /* PlayerModel.xcdatamodel */,
			);
			currentVersion = 05B9918422AAC17200909AF9 /* PlayerModel.xcdatamodel */;
			path = PlayerModel.xcdatamodeld;
			sourceTree = "<group>";
			versionGroupType = wrapper.xcdatamodel;
		};
/* End XCVersionGroup section */
	};
	rootObject = 05346A86226D76C8003E37B4 /* Project object */;
}
