// !$*UTF8*$!
{
	archiveVersion = 1;
	classes = {
	};
	objectVersion = 50;
	objects = {

/* Begin PBXBuildFile section */
		05E1D2B8232E8E30003AA54E /* AppDelegate.swift in Sources */ = {isa = PBXBuildFile; fileRef = 05E1D2B7232E8E30003AA54E /* AppDelegate.swift */; };
		05E1D2BA232E8E30003AA54E /* ViewController.swift in Sources */ = {isa = PBXBuildFile; fileRef = 05E1D2B9232E8E30003AA54E /* ViewController.swift */; };
		05E1D2BD232E8E30003AA54E /* Main.storyboard in Resources */ = {isa = PBXBuildFile; fileRef = 05E1D2BB232E8E30003AA54E /* Main.storyboard */; };
		05E1D2BF232E8E31003AA54E /* Assets.xcassets in Resources */ = {isa = PBXBuildFile; fileRef = 05E1D2BE232E8E31003AA54E /* Assets.xcassets */; };
		05E1D2C2232E8E31003AA54E /* LaunchScreen.storyboard in Resources */ = {isa = PBXBuildFile; fileRef = 05E1D2C0232E8E31003AA54E /* LaunchScreen.storyboard */; };
		05E1D2CA232EEE69003AA54E /* GameplayViewController.swift in Sources */ = {isa = PBXBuildFile; fileRef = 05E1D2C9232EEE69003AA54E /* GameplayViewController.swift */; };
/* End PBXBuildFile section */

/* Begin PBXFileReference section */
		05E1D2B4232E8E30003AA54E /* mathlete.app */ = {isa = PBXFileReference; explicitFileType = wrapper.application; includeInIndex = 0; path = mathlete.app; sourceTree = BUILT_PRODUCTS_DIR; };
		05E1D2B7232E8E30003AA54E /* AppDelegate.swift */ = {isa = PBXFileReference; lastKnownFileType = sourcecode.swift; path = AppDelegate.swift; sourceTree = "<group>"; };
		05E1D2B9232E8E30003AA54E /* ViewController.swift */ = {isa = PBXFileReference; lastKnownFileType = sourcecode.swift; path = ViewController.swift; sourceTree = "<group>"; };
		05E1D2BC232E8E30003AA54E /* Base */ = {isa = PBXFileReference; lastKnownFileType = file.storyboard; name = Base; path = Base.lproj/Main.storyboard; sourceTree = "<group>"; };
		05E1D2BE232E8E31003AA54E /* Assets.xcassets */ = {isa = PBXFileReference; lastKnownFileType = folder.assetcatalog; path = Assets.xcassets; sourceTree = "<group>"; };
		05E1D2C1232E8E31003AA54E /* Base */ = {isa = PBXFileReference; lastKnownFileType = file.storyboard; name = Base; path = Base.lproj/LaunchScreen.storyboard; sourceTree = "<group>"; };
		05E1D2C3232E8E31003AA54E /* Info.plist */ = {isa = PBXFileReference; lastKnownFileType = text.plist.xml; path = Info.plist; sourceTree = "<group>"; };
		05E1D2C9232EEE69003AA54E /* GameplayViewController.swift */ = {isa = PBXFileReference; lastKnownFileType = sourcecode.swift; path = GameplayViewController.swift; sourceTree = "<group>"; };
/* End PBXFileReference section */

/* Begin PBXFrameworksBuildPhase section */
		05E1D2B1232E8E2F003AA54E /* Frameworks */ = {
			isa = PBXFrameworksBuildPhase;
			buildActionMask = 2147483647;
			files = (
			);
			runOnlyForDeploymentPostprocessing = 0;
		};
/* End PBXFrameworksBuildPhase section */

/* Begin PBXGroup section */
		05E1D2AB232E8E2F003AA54E = {
			isa = PBXGroup;
			children = (
				05E1D2B6232E8E30003AA54E /* mathlete */,
				05E1D2B5232E8E30003AA54E /* Products */,
			);
			sourceTree = "<group>";
		};
		05E1D2B5232E8E30003AA54E /* Products */ = {
			isa = PBXGroup;
			children = (
				05E1D2B4232E8E30003AA54E /* mathlete.app */,
			);
			name = Products;
			sourceTree = "<group>";
		};
		05E1D2B6232E8E30003AA54E /* mathlete */ = {
			isa = PBXGroup;
			children = (
				05E1D2B7232E8E30003AA54E /* AppDelegate.swift */,
				05E1D2B9232E8E30003AA54E /* ViewController.swift */,
				05E1D2BB232E8E30003AA54E /* Main.storyboard */,
				05E1D2C9232EEE69003AA54E /* GameplayViewController.swift */,
				05E1D2BE232E8E31003AA54E /* Assets.xcassets */,
				05E1D2C0232E8E31003AA54E /* LaunchScreen.storyboard */,
				05E1D2C3232E8E31003AA54E /* Info.plist */,
			);
			path = mathlete;
			sourceTree = "<group>";
		};
/* End PBXGroup section */

/* Begin PBXNativeTarget section */
		05E1D2B3232E8E2F003AA54E /* mathlete */ = {
			isa = PBXNativeTarget;
			buildConfigurationList = 05E1D2C6232E8E31003AA54E /* Build configuration list for PBXNativeTarget "mathlete" */;
			buildPhases = (
				05E1D2B0232E8E2F003AA54E /* Sources */,
				05E1D2B1232E8E2F003AA54E /* Frameworks */,
				05E1D2B2232E8E2F003AA54E /* Resources */,
			);
			buildRules = (
			);
			dependencies = (
			);
			name = mathlete;
			productName = mathlete;
			productReference = 05E1D2B4232E8E30003AA54E /* mathlete.app */;
			productType = "com.apple.product-type.application";
		};
/* End PBXNativeTarget section */

/* Begin PBXProject section */
		05E1D2AC232E8E2F003AA54E /* Project object */ = {
			isa = PBXProject;
			attributes = {
				LastSwiftUpdateCheck = 1030;
				LastUpgradeCheck = 1030;
				ORGANIZATIONNAME = MK_corp;
				TargetAttributes = {
					05E1D2B3232E8E2F003AA54E = {
						CreatedOnToolsVersion = 10.3;
					};
				};
			};
			buildConfigurationList = 05E1D2AF232E8E2F003AA54E /* Build configuration list for PBXProject "mathlete" */;
			compatibilityVersion = "Xcode 9.3";
			developmentRegion = en;
			hasScannedForEncodings = 0;
			knownRegions = (
				en,
				Base,
			);
			mainGroup = 05E1D2AB232E8E2F003AA54E;
			productRefGroup = 05E1D2B5232E8E30003AA54E /* Products */;
			projectDirPath = "";
			projectRoot = "";
			targets = (
				05E1D2B3232E8E2F003AA54E /* mathlete */,
			);
		};
/* End PBXProject section */

/* Begin PBXResourcesBuildPhase section */
		05E1D2B2232E8E2F003AA54E /* Resources */ = {
			isa = PBXResourcesBuildPhase;
			buildActionMask = 2147483647;
			files = (
				05E1D2C2232E8E31003AA54E /* LaunchScreen.storyboard in Resources */,
				05E1D2BF232E8E31003AA54E /* Assets.xcassets in Resources */,
				05E1D2BD232E8E30003AA54E /* Main.storyboard in Resources */,
			);
			runOnlyForDeploymentPostprocessing = 0;
		};
/* End PBXResourcesBuildPhase section */

/* Begin PBXSourcesBuildPhase section */
		05E1D2B0232E8E2F003AA54E /* Sources */ = {
			isa = PBXSourcesBuildPhase;
			buildActionMask = 2147483647;
			files = (
				05E1D2BA232E8E30003AA54E /* ViewController.swift in Sources */,
				05E1D2B8232E8E30003AA54E /* AppDelegate.swift in Sources */,
				05E1D2CA232EEE69003AA54E /* GameplayViewController.swift in Sources */,
			);
			runOnlyForDeploymentPostprocessing = 0;
		};
/* End PBXSourcesBuildPhase section */

/* Begin PBXVariantGroup section */
		05E1D2BB232E8E30003AA54E /* Main.storyboard */ = {
			isa = PBXVariantGroup;
			children = (
				05E1D2BC232E8E30003AA54E /* Base */,
			);
			name = Main.storyboard;
			sourceTree = "<group>";
		};
		05E1D2C0232E8E31003AA54E /* LaunchScreen.storyboard */ = {
			isa = PBXVariantGroup;
			children = (
				05E1D2C1232E8E31003AA54E /* Base */,
			);
			name = LaunchScreen.storyboard;
			sourceTree = "<group>";
		};
/* End PBXVariantGroup section */

/* Begin XCBuildConfiguration section */
		05E1D2C4232E8E31003AA54E /* Debug */ = {
			isa = XCBuildConfiguration;
			buildSettings = {
				ALWAYS_SEARCH_USER_PATHS = NO;
				CLANG_ANALYZER_NONNULL = YES;
				CLANG_ANALYZER_NUMBER_OBJECT_CONVERSION = YES_AGGRESSIVE;
				CLANG_CXX_LANGUAGE_STANDARD = "gnu++14";
				CLANG_CXX_LIBRARY = "libc++";
				CLANG_ENABLE_MODULES = YES;
				CLANG_ENABLE_OBJC_ARC = YES;
				CLANG_ENABLE_OBJC_WEAK = YES;
				CLANG_WARN_BLOCK_CAPTURE_AUTORELEASING = YES;
				CLANG_WARN_BOOL_CONVERSION = YES;
				CLANG_WARN_COMMA = YES;
				CLANG_WARN_CONSTANT_CONVERSION = YES;
				CLANG_WARN_DEPRECATED_OBJC_IMPLEMENTATIONS = YES;
				CLANG_WARN_DIRECT_OBJC_ISA_USAGE = YES_ERROR;
				CLANG_WARN_DOCUMENTATION_COMMENTS = YES;
				CLANG_WARN_EMPTY_BODY = YES;
				CLANG_WARN_ENUM_CONVERSION = YES;
				CLANG_WARN_INFINITE_RECURSION = YES;
				CLANG_WARN_INT_CONVERSION = YES;
				CLANG_WARN_NON_LITERAL_NULL_CONVERSION = YES;
				CLANG_WARN_OBJC_IMPLICIT_RETAIN_SELF = YES;
				CLANG_WARN_OBJC_LITERAL_CONVERSION = YES;
				CLANG_WARN_OBJC_ROOT_CLASS = YES_ERROR;
				CLANG_WARN_RANGE_LOOP_ANALYSIS = YES;
				CLANG_WARN_STRICT_PROTOTYPES = YES;
				CLANG_WARN_SUSPICIOUS_MOVE = YES;
				CLANG_WARN_UNGUARDED_AVAILABILITY = YES_AGGRESSIVE;
				CLANG_WARN_UNREACHABLE_CODE = YES;
				CLANG_WARN__DUPLICATE_METHOD_MATCH = YES;
				CODE_SIGN_IDENTITY = "iPhone Developer";
				COPY_PHASE_STRIP = NO;
				DEBUG_INFORMATION_FORMAT = dwarf;
				ENABLE_STRICT_OBJC_MSGSEND = YES;
				ENABLE_TESTABILITY = YES;
				GCC_C_LANGUAGE_STANDARD = gnu11;
				GCC_DYNAMIC_NO_PIC = NO;
				GCC_NO_COMMON_BLOCKS = YES;
				GCC_OPTIMIZATION_LEVEL = 0;
				GCC_PREPROCESSOR_DEFINITIONS = (
					"DEBUG=1",
					"$(inherited)",
				);
				GCC_WARN_64_TO_32_BIT_CONVERSION = YES;
				GCC_WARN_ABOUT_RETURN_TYPE = YES_ERROR;
				GCC_WARN_UNDECLARED_SELECTOR = YES;
				GCC_WARN_UNINITIALIZED_AUTOS = YES_AGGRESSIVE;
				GCC_WARN_UNUSED_FUNCTION = YES;
				GCC_WARN_UNUSED_VARIABLE = YES;
				IPHONEOS_DEPLOYMENT_TARGET = 12.4;
				MTL_ENABLE_DEBUG_INFO = INCLUDE_SOURCE;
				MTL_FAST_MATH = YES;
				ONLY_ACTIVE_ARCH = YES;
				SDKROOT = iphoneos;
				SWIFT_ACTIVE_COMPILATION_CONDITIONS = DEBUG;
				SWIFT_OPTIMIZATION_LEVEL = "-Onone";
			};
			name = Debug;
		};
		05E1D2C5232E8E31003AA54E /* Release */ = {
			isa = XCBuildConfiguration;
			buildSettings = {
				ALWAYS_SEARCH_USER_PATHS = NO;
				CLANG_ANALYZER_NONNULL = YES;
				CLANG_ANALYZER_NUMBER_OBJECT_CONVERSION = YES_AGGRESSIVE;
				CLANG_CXX_LANGUAGE_STANDARD = "gnu++14";
				CLANG_CXX_LIBRARY = "libc++";
				CLANG_ENABLE_MODULES = YES;
				CLANG_ENABLE_OBJC_ARC = YES;
				CLANG_ENABLE_OBJC_WEAK = YES;
				CLANG_WARN_BLOCK_CAPTURE_AUTORELEASING = YES;
				CLANG_WARN_BOOL_CONVERSION = YES;
				CLANG_WARN_COMMA = YES;
				CLANG_WARN_CONSTANT_CONVERSION = YES;
				CLANG_WARN_DEPRECATED_OBJC_IMPLEMENTATIONS = YES;
				CLANG_WARN_DIRECT_OBJC_ISA_USAGE = YES_ERROR;
				CLANG_WARN_DOCUMENTATION_COMMENTS = YES;
				CLANG_WARN_EMPTY_BODY = YES;
				CLANG_WARN_ENUM_CONVERSION = YES;
				CLANG_WARN_INFINITE_RECURSION = YES;
				CLANG_WARN_INT_CONVERSION = YES;
				CLANG_WARN_NON_LITERAL_NULL_CONVERSION = YES;
				CLANG_WARN_OBJC_IMPLICIT_RETAIN_SELF = YES;
				CLANG_WARN_OBJC_LITERAL_CONVERSION = YES;
				CLANG_WARN_OBJC_ROOT_CLASS = YES_ERROR;
				CLANG_WARN_RANGE_LOOP_ANALYSIS = YES;
				CLANG_WARN_STRICT_PROTOTYPES = YES;
				CLANG_WARN_SUSPICIOUS_MOVE = YES;
				CLANG_WARN_UNGUARDED_AVAILABILITY = YES_AGGRESSIVE;
				CLANG_WARN_UNREACHABLE_CODE = YES;
				CLANG_WARN__DUPLICATE_METHOD_MATCH = YES;
				CODE_SIGN_IDENTITY = "iPhone Developer";
				COPY_PHASE_STRIP = NO;
				DEBUG_INFORMATION_FORMAT = "dwarf-with-dsym";
				ENABLE_NS_ASSERTIONS = NO;
				ENABLE_STRICT_OBJC_MSGSEND = YES;
				GCC_C_LANGUAGE_STANDARD = gnu11;
				GCC_NO_COMMON_BLOCKS = YES;
				GCC_WARN_64_TO_32_BIT_CONVERSION = YES;
				GCC_WARN_ABOUT_RETURN_TYPE = YES_ERROR;
				GCC_WARN_UNDECLARED_SELECTOR = YES;
				GCC_WARN_UNINITIALIZED_AUTOS = YES_AGGRESSIVE;
				GCC_WARN_UNUSED_FUNCTION = YES;
				GCC_WARN_UNUSED_VARIABLE = YES;
				IPHONEOS_DEPLOYMENT_TARGET = 12.4;
				MTL_ENABLE_DEBUG_INFO = NO;
				MTL_FAST_MATH = YES;
				SDKROOT = iphoneos;
				SWIFT_COMPILATION_MODE = wholemodule;
				SWIFT_OPTIMIZATION_LEVEL = "-O";
				VALIDATE_PRODUCT = YES;
			};
			name = Release;
		};
		05E1D2C7232E8E31003AA54E /* Debug */ = {
			isa = XCBuildConfiguration;
			buildSettings = {
				ASSETCATALOG_COMPILER_APPICON_NAME = AppIcon;
				CODE_SIGN_STYLE = Automatic;
				DEVELOPMENT_TEAM = VQP7V7367X;
				INFOPLIST_FILE = mathlete/Info.plist;
				LD_RUNPATH_SEARCH_PATHS = (
					"$(inherited)",
					"@executable_path/Frameworks",
				);
				PRODUCT_BUNDLE_IDENTIFIER = com.example.mkifetew.mathlete;
				PRODUCT_NAME = "$(TARGET_NAME)";
				SWIFT_VERSION = 5.0;
				TARGETED_DEVICE_FAMILY = "1,2";
			};
			name = Debug;
		};
		05E1D2C8232E8E31003AA54E /* Release */ = {
			isa = XCBuildConfiguration;
			buildSettings = {
				ASSETCATALOG_COMPILER_APPICON_NAME = AppIcon;
				CODE_SIGN_STYLE = Automatic;
				DEVELOPMENT_TEAM = VQP7V7367X;
				INFOPLIST_FILE = mathlete/Info.plist;
				LD_RUNPATH_SEARCH_PATHS = (
					"$(inherited)",
					"@executable_path/Frameworks",
				);
				PRODUCT_BUNDLE_IDENTIFIER = com.example.mkifetew.mathlete;
				PRODUCT_NAME = "$(TARGET_NAME)";
				SWIFT_VERSION = 5.0;
				TARGETED_DEVICE_FAMILY = "1,2";
			};
			name = Release;
		};
/* End XCBuildConfiguration section */

/* Begin XCConfigurationList section */
		05E1D2AF232E8E2F003AA54E /* Build configuration list for PBXProject "mathlete" */ = {
			isa = XCConfigurationList;
			buildConfigurations = (
				05E1D2C4232E8E31003AA54E /* Debug */,
				05E1D2C5232E8E31003AA54E /* Release */,
			);
			defaultConfigurationIsVisible = 0;
			defaultConfigurationName = Release;
		};
		05E1D2C6232E8E31003AA54E /* Build configuration list for PBXNativeTarget "mathlete" */ = {
			isa = XCConfigurationList;
			buildConfigurations = (
				05E1D2C7232E8E31003AA54E /* Debug */,
				05E1D2C8232E8E31003AA54E /* Release */,
			);
			defaultConfigurationIsVisible = 0;
			defaultConfigurationName = Release;
		};
/* End XCConfigurationList section */
	};
	rootObject = 05E1D2AC232E8E2F003AA54E /* Project object */;
}
